
Microsoft Visual Studio Solution File, Format Version 12.00
# Visual Studio Version 16
VisualStudioVersion = 16.0.30413.136
MinimumVisualStudioVersion = 10.0.40219.1
Project("{9A19103F-16F7-4668-BE54-9A1E7A4F7556}") = "SwfGameFileExtractor", "SwfGameFileExtractor\SwfGameFileExtractor.csproj", "{A8517C08-60C7-4302-8A72-65A0BF41EE57}"
EndProject
Global
	GlobalSection(SolutionConfigurationPlatforms) = preSolution
		Debug|Any CPU = Debug|Any CPU
		Release|Any CPU = Release|Any CPU
	EndGlobalSection
	GlobalSection(ProjectConfigurationPlatforms) = postSolution
		{A8517C08-60C7-4302-8A72-65A0BF41EE57}.Debug|Any CPU.ActiveCfg = Debug|Any CPU
		{A8517C08-60C7-4302-8A72-65A0BF41EE57}.Debug|Any CPU.Build.0 = Debug|Any CPU
		{A8517C08-60C7-4302-8A72-65A0BF41EE57}.Release|Any CPU.ActiveCfg = Release|Any CPU
		{A8517C08-60C7-4302-8A72-65A0BF41EE57}.Release|Any CPU.Build.0 = Release|Any CPU
	EndGlobalSection
	GlobalSection(SolutionProperties) = preSolution
		HideSolutionNode = FALSE
	EndGlobalSection
	GlobalSection(ExtensibilityGlobals) = postSolution
		SolutionGuid = {D29F01CB-054C-483B-A235-7B494AE0EB3A}
	EndGlobalSection
EndGlobal
